<?xml version="1.0" encoding="utf-8"?>
<Project ToolsVersion="4.0" xmlns="http://schemas.microsoft.com/developer/msbuild/2003">
  <ItemGroup>
    <Filter Include="Fichiers sources">
      <UniqueIdentifier>{4FC737F1-C7A5-4376-A066-2A32D752A2FF}</UniqueIdentifier>
      <Extensions>cpp;c;cc;cxx;def;odl;idl;hpj;bat;asm;asmx</Extensions>
    </Filter>
    <Filter Include="Fichiers d%27en-tête">
      <UniqueIdentifier>{93995380-89BD-4b04-88EB-625FBE52EBFB}</UniqueIdentifier>
      <Extensions>h;hh;hpp;hxx;hm;inl;inc;ipp;xsd</Extensions>
    </Filter>
    <Filter Include="Fichiers de ressources">
      <UniqueIdentifier>{67DA6AB6-F800-4c08-8B7A-83BB121AAD01}</UniqueIdentifier>
      <Extensions>rc;ico;cur;bmp;dlg;rc2;rct;bin;rgs;gif;jpg;jpeg;jpe;resx;tiff;tif;png;wav;mfcribbon-ms</Extensions>
    </Filter>
  </ItemGroup>
  <ItemGroup>
    <Text Include="..\..\Porte1.txt" />
    <Text Include="..\..\Porte2.txt" />
    <Text Include="..\..\Porte3.txt" />
    <Text Include="..\..\Porte4.txt" />
    <Text Include="..\..\Porte5.txt" />
    <Text Include="..\..\Porte6.txt" />
    <Text Include="..\..\Porte7.txt" />
    <Text Include="..\..\Porte8.txt" />
    <Text Include="..\..\Porte9.txt" />
    <Text Include="..\..\Porte10.txt" />
    <Text Include="..\..\Porte11.txt" />
    <Text Include="..\..\Porte12.txt" />
    <Text Include="..\..\Porte13.txt" />
    <Text Include="..\..\Porte14.txt" />
    <Text Include="..\..\Porte15.txt" />
    <Text Include="..\..\Porte16.txt" />
    <Text Include="..\..\Porte17.txt" />
    <Text Include="..\..\Porte18.txt" />
    <Text Include="..\..\Porte19.txt" />
    <Text Include="..\..\Porte20.txt" />
    <Text Include="..\..\Boss.txt" />
  </ItemGroup>
  <ItemGroup>
    <ClInclude Include="Boss.h">
      <Filter>Fichiers d%27en-tête</Filter>
    </ClInclude>
    <ClInclude Include="Agent.h">
      <Filter>Fichiers d%27en-tête</Filter>
    </ClInclude>
    <ClInclude Include="Porte.h">
      <Filter>Fichiers d%27en-tête</Filter>
    </ClInclude>
  </ItemGroup>
  <ItemGroup>
    <ClCompile Include="Boss.cpp">
      <Filter>Fichiers sources</Filter>
    </ClCompile>
    <ClCompile Include="main.cpp">
      <Filter>Fichiers sources</Filter>
    </ClCompile>
    <ClCompile Include="Porte.cpp">
      <Filter>Fichiers sources</Filter>
    </ClCompile>
  </ItemGroup>
</Project>